
Microsoft Visual Studio Solution File, Format Version 11.00
# Visual Studio 2010
Project("{FAE04EC0-301F-11D3-BF4B-00C04F79EFBC}") = "FlockingShooter-CoklatGames", "Assembly-CSharp.csproj", "{667B6F2F-F587-DF49-2CF7-9BB0AD60567C}"
EndProject
Project("{FAE04EC0-301F-11D3-BF4B-00C04F79EFBC}") = "FlockingShooter-CoklatGames", "Assembly-CSharp-firstpass.csproj", "{3D2DCB20-40C2-FE9B-C549-35604B5F443F}"
EndProject
Project("{FAE04EC0-301F-11D3-BF4B-00C04F79EFBC}") = "FlockingShooter-CoklatGames", "Assembly-CSharp-Editor.csproj", "{EDF8501B-FF9E-97E5-A59D-2D22DCB9AD39}"
EndProject
Global
	GlobalSection(SolutionConfigurationPlatforms) = preSolution
		Debug|Any CPU = Debug|Any CPU
		Release|Any CPU = Release|Any CPU
	EndGlobalSection
	GlobalSection(ProjectConfigurationPlatforms) = postSolution
		{667B6F2F-F587-DF49-2CF7-9BB0AD60567C}.Debug|Any CPU.ActiveCfg = Debug|Any CPU
		{667B6F2F-F587-DF49-2CF7-9BB0AD60567C}.Debug|Any CPU.Build.0 = Debug|Any CPU
		{667B6F2F-F587-DF49-2CF7-9BB0AD60567C}.Release|Any CPU.ActiveCfg = Release|Any CPU
		{667B6F2F-F587-DF49-2CF7-9BB0AD60567C}.Release|Any CPU.Build.0 = Release|Any CPU
		{3D2DCB20-40C2-FE9B-C549-35604B5F443F}.Debug|Any CPU.ActiveCfg = Debug|Any CPU
		{3D2DCB20-40C2-FE9B-C549-35604B5F443F}.Debug|Any CPU.Build.0 = Debug|Any CPU
		{3D2DCB20-40C2-FE9B-C549-35604B5F443F}.Release|Any CPU.ActiveCfg = Release|Any CPU
		{3D2DCB20-40C2-FE9B-C549-35604B5F443F}.Release|Any CPU.Build.0 = Release|Any CPU
		{EDF8501B-FF9E-97E5-A59D-2D22DCB9AD39}.Debug|Any CPU.ActiveCfg = Debug|Any CPU
		{EDF8501B-FF9E-97E5-A59D-2D22DCB9AD39}.Debug|Any CPU.Build.0 = Debug|Any CPU
		{EDF8501B-FF9E-97E5-A59D-2D22DCB9AD39}.Release|Any CPU.ActiveCfg = Release|Any CPU
		{EDF8501B-FF9E-97E5-A59D-2D22DCB9AD39}.Release|Any CPU.Build.0 = Release|Any CPU
	EndGlobalSection
	GlobalSection(SolutionProperties) = preSolution
		HideSolutionNode = FALSE
	EndGlobalSection
	GlobalSection(MonoDevelopProperties) = preSolution
		StartupItem = Assembly-CSharp.csproj
	EndGlobalSection
EndGlobal
