
Microsoft Visual Studio Solution File, Format Version 11.00
# Visual Studio 2010
Project("{FAE04EC0-301F-11D3-BF4B-00C04F79EFBC}") = "FlockingShooter", "Assembly-CSharp.csproj", "{9C71FDDB-3BFB-D3E7-D3A7-2F6769E1DC6B}"
EndProject
Project("{FAE04EC0-301F-11D3-BF4B-00C04F79EFBC}") = "FlockingShooter", "Assembly-CSharp-firstpass.csproj", "{DE08A69B-C853-65C7-4EB4-A221A1F02B4C}"
EndProject
Project("{FAE04EC0-301F-11D3-BF4B-00C04F79EFBC}") = "FlockingShooter", "Assembly-CSharp-Editor.csproj", "{6C7DBE3C-22BD-B8EF-DA89-12D04A93AAD9}"
EndProject
Global
	GlobalSection(SolutionConfigurationPlatforms) = preSolution
		Debug|Any CPU = Debug|Any CPU
		Release|Any CPU = Release|Any CPU
	EndGlobalSection
	GlobalSection(ProjectConfigurationPlatforms) = postSolution
		{9C71FDDB-3BFB-D3E7-D3A7-2F6769E1DC6B}.Debug|Any CPU.ActiveCfg = Debug|Any CPU
		{9C71FDDB-3BFB-D3E7-D3A7-2F6769E1DC6B}.Debug|Any CPU.Build.0 = Debug|Any CPU
		{9C71FDDB-3BFB-D3E7-D3A7-2F6769E1DC6B}.Release|Any CPU.ActiveCfg = Release|Any CPU
		{9C71FDDB-3BFB-D3E7-D3A7-2F6769E1DC6B}.Release|Any CPU.Build.0 = Release|Any CPU
		{DE08A69B-C853-65C7-4EB4-A221A1F02B4C}.Debug|Any CPU.ActiveCfg = Debug|Any CPU
		{DE08A69B-C853-65C7-4EB4-A221A1F02B4C}.Debug|Any CPU.Build.0 = Debug|Any CPU
		{DE08A69B-C853-65C7-4EB4-A221A1F02B4C}.Release|Any CPU.ActiveCfg = Release|Any CPU
		{DE08A69B-C853-65C7-4EB4-A221A1F02B4C}.Release|Any CPU.Build.0 = Release|Any CPU
		{6C7DBE3C-22BD-B8EF-DA89-12D04A93AAD9}.Debug|Any CPU.ActiveCfg = Debug|Any CPU
		{6C7DBE3C-22BD-B8EF-DA89-12D04A93AAD9}.Debug|Any CPU.Build.0 = Debug|Any CPU
		{6C7DBE3C-22BD-B8EF-DA89-12D04A93AAD9}.Release|Any CPU.ActiveCfg = Release|Any CPU
		{6C7DBE3C-22BD-B8EF-DA89-12D04A93AAD9}.Release|Any CPU.Build.0 = Release|Any CPU
	EndGlobalSection
	GlobalSection(SolutionProperties) = preSolution
		HideSolutionNode = FALSE
	EndGlobalSection
	GlobalSection(MonoDevelopProperties) = preSolution
		StartupItem = Assembly-CSharp.csproj
	EndGlobalSection
EndGlobal
